
Microsoft Visual Studio Solution File, Format Version 12.00
# Visual Studio Version 17
VisualStudioVersion = 17.0.31903.59
MinimumVisualStudioVersion = 10.0.40219.1
Project("{2150E333-8FDC-42A3-9474-1A3956D46DE8}") = "src", "src", "{E8182CA4-047D-4A50-87B9-B953B554317A}"
EndProject
Project("{FAE04EC0-301F-11D3-BF4B-00C04F79EFBC}") = "DoradoCloud.Shared", "src\DoradoCloud.Shared\DoradoCloud.Shared.csproj", "{5281B41C-A102-4C42-AEAE-63F324DCC94F}"
EndProject
Project("{FAE04EC0-301F-11D3-BF4B-00C04F79EFBC}") = "DoradoCloud.Modules", "src\DoradoCloud.Modules\DoradoCloud.Modules.csproj", "{151F0F86-C63A-4677-846B-5BC4F40EDDCC}"
EndProject
Project("{FAE04EC0-301F-11D3-BF4B-00C04F79EFBC}") = "DoradoCloud.Api", "src\DoradoCloud.Api\DoradoCloud.Api.csproj", "{628618DB-E115-4E7D-B01A-CBEF65ABB97C}"
EndProject
Project("{FAE04EC0-301F-11D3-BF4B-00C04F79EFBC}") = "DoradoCloud.Gateway", "src\DoradoCloud.Gateway\DoradoCloud.Gateway.csproj", "{F37EB575-D1BC-469C-8CCD-CD0BD0D88D1D}"
EndProject
Project("{2150E333-8FDC-42A3-9474-1A3956D46DE8}") = "clients", "clients", "{A0768127-685F-4290-B299-E7BE108FFB0B}"
EndProject
Project("{FAE04EC0-301F-11D3-BF4B-00C04F79EFBC}") = "DoradoCloud.Client", "clients\DoradoCloud.Client\DoradoCloud.Client.csproj", "{540ACFD4-CF62-4800-8C31-0FC6EC21C771}"
EndProject
Project("{2150E333-8FDC-42A3-9474-1A3956D46DE8}") = "tests", "tests", "{EEB7FB42-DEFF-4702-8D6B-3C843C0F779D}"
EndProject
Project("{FAE04EC0-301F-11D3-BF4B-00C04F79EFBC}") = "DoradoCloud.Tests", "tests\DoradoCloud.Tests\DoradoCloud.Tests.csproj", "{23914F26-42F2-493C-B81C-18C8805AC1F5}"
EndProject
Project("{FAE04EC0-301F-11D3-BF4B-00C04F79EFBC}") = "DoradoCloud.Client.Tests", "tests\DoradoCloud.Client.Tests\DoradoCloud.Client.Tests.csproj", "{D4F6A2A1-1E27-4A4F-9F1A-1A2B3C4D5E60}"
EndProject
Project("{FAE04EC0-301F-11D3-BF4B-00C04F79EFBC}") = "DoradoCloud.Legacy", "src\DoradoCloud.Legacy\DoradoCloud.Legacy.csproj", "{DA329A9B-92DF-4D9D-8EE2-B0364E14EDB4}"
EndProject
Global
	GlobalSection(SolutionConfigurationPlatforms) = preSolution
		Debug|Any CPU = Debug|Any CPU
		Release|Any CPU = Release|Any CPU
	EndGlobalSection
	GlobalSection(SolutionProperties) = preSolution
		HideSolutionNode = FALSE
	EndGlobalSection
	GlobalSection(ProjectConfigurationPlatforms) = postSolution
		{5281B41C-A102-4C42-AEAE-63F324DCC94F}.Debug|Any CPU.ActiveCfg = Debug|Any CPU
		{5281B41C-A102-4C42-AEAE-63F324DCC94F}.Debug|Any CPU.Build.0 = Debug|Any CPU
		{5281B41C-A102-4C42-AEAE-63F324DCC94F}.Release|Any CPU.ActiveCfg = Release|Any CPU
		{5281B41C-A102-4C42-AEAE-63F324DCC94F}.Release|Any CPU.Build.0 = Release|Any CPU
		{151F0F86-C63A-4677-846B-5BC4F40EDDCC}.Debug|Any CPU.ActiveCfg = Debug|Any CPU
		{151F0F86-C63A-4677-846B-5BC4F40EDDCC}.Debug|Any CPU.Build.0 = Debug|Any CPU
		{151F0F86-C63A-4677-846B-5BC4F40EDDCC}.Release|Any CPU.ActiveCfg = Release|Any CPU
		{151F0F86-C63A-4677-846B-5BC4F40EDDCC}.Release|Any CPU.Build.0 = Release|Any CPU
		{628618DB-E115-4E7D-B01A-CBEF65ABB97C}.Debug|Any CPU.ActiveCfg = Debug|Any CPU
		{628618DB-E115-4E7D-B01A-CBEF65ABB97C}.Debug|Any CPU.Build.0 = Debug|Any CPU
		{628618DB-E115-4E7D-B01A-CBEF65ABB97C}.Release|Any CPU.ActiveCfg = Release|Any CPU
		{628618DB-E115-4E7D-B01A-CBEF65ABB97C}.Release|Any CPU.Build.0 = Release|Any CPU
		{F37EB575-D1BC-469C-8CCD-CD0BD0D88D1D}.Debug|Any CPU.ActiveCfg = Debug|Any CPU
		{F37EB575-D1BC-469C-8CCD-CD0BD0D88D1D}.Debug|Any CPU.Build.0 = Debug|Any CPU
		{F37EB575-D1BC-469C-8CCD-CD0BD0D88D1D}.Release|Any CPU.ActiveCfg = Release|Any CPU
		{F37EB575-D1BC-469C-8CCD-CD0BD0D88D1D}.Release|Any CPU.Build.0 = Release|Any CPU
		{540ACFD4-CF62-4800-8C31-0FC6EC21C771}.Debug|Any CPU.ActiveCfg = Debug|Any CPU
		{540ACFD4-CF62-4800-8C31-0FC6EC21C771}.Debug|Any CPU.Build.0 = Debug|Any CPU
		{540ACFD4-CF62-4800-8C31-0FC6EC21C771}.Release|Any CPU.ActiveCfg = Release|Any CPU
		{540ACFD4-CF62-4800-8C31-0FC6EC21C771}.Release|Any CPU.Build.0 = Release|Any CPU
		{23914F26-42F2-493C-B81C-18C8805AC1F5}.Debug|Any CPU.ActiveCfg = Debug|Any CPU
		{23914F26-42F2-493C-B81C-18C8805AC1F5}.Debug|Any CPU.Build.0 = Debug|Any CPU
		{23914F26-42F2-493C-B81C-18C8805AC1F5}.Release|Any CPU.ActiveCfg = Release|Any CPU
		{23914F26-42F2-493C-B81C-18C8805AC1F5}.Release|Any CPU.Build.0 = Release|Any CPU
		{D4F6A2A1-1E27-4A4F-9F1A-1A2B3C4D5E60}.Debug|Any CPU.ActiveCfg = Debug|Any CPU
		{D4F6A2A1-1E27-4A4F-9F1A-1A2B3C4D5E60}.Debug|Any CPU.Build.0 = Debug|Any CPU
		{D4F6A2A1-1E27-4A4F-9F1A-1A2B3C4D5E60}.Release|Any CPU.ActiveCfg = Release|Any CPU
		{D4F6A2A1-1E27-4A4F-9F1A-1A2B3C4D5E60}.Release|Any CPU.Build.0 = Release|Any CPU
		{DA329A9B-92DF-4D9D-8EE2-B0364E14EDB4}.Debug|Any CPU.ActiveCfg = Debug|Any CPU
		{DA329A9B-92DF-4D9D-8EE2-B0364E14EDB4}.Debug|Any CPU.Build.0 = Debug|Any CPU
		{DA329A9B-92DF-4D9D-8EE2-B0364E14EDB4}.Release|Any CPU.ActiveCfg = Release|Any CPU
		{DA329A9B-92DF-4D9D-8EE2-B0364E14EDB4}.Release|Any CPU.Build.0 = Release|Any CPU
	EndGlobalSection
	GlobalSection(NestedProjects) = preSolution
		{5281B41C-A102-4C42-AEAE-63F324DCC94F} = {E8182CA4-047D-4A50-87B9-B953B554317A}
		{151F0F86-C63A-4677-846B-5BC4F40EDDCC} = {E8182CA4-047D-4A50-87B9-B953B554317A}
		{628618DB-E115-4E7D-B01A-CBEF65ABB97C} = {E8182CA4-047D-4A50-87B9-B953B554317A}
		{F37EB575-D1BC-469C-8CCD-CD0BD0D88D1D} = {E8182CA4-047D-4A50-87B9-B953B554317A}
		{540ACFD4-CF62-4800-8C31-0FC6EC21C771} = {A0768127-685F-4290-B299-E7BE108FFB0B}
		{23914F26-42F2-493C-B81C-18C8805AC1F5} = {EEB7FB42-DEFF-4702-8D6B-3C843C0F779D}
		{D4F6A2A1-1E27-4A4F-9F1A-1A2B3C4D5E60} = {EEB7FB42-DEFF-4702-8D6B-3C843C0F779D}
		{DA329A9B-92DF-4D9D-8EE2-B0364E14EDB4} = {E8182CA4-047D-4A50-87B9-B953B554317A}
	EndGlobalSection
EndGlobal
